// !$*UTF8*$!
{
	archiveVersion = 1;
	classes = {
	};
	objectVersion = 50;
	objects = {

/* Begin PBXBuildFile section */
		C177C2A3231FE6DE00775FDA /* AppDelegate.swift in Sources */ = {isa = PBXBuildFile; fileRef = C177C2A2231FE6DE00775FDA /* AppDelegate.swift */; };
		C177C2A5231FE6DE00775FDA /* ViewController.swift in Sources */ = {isa = PBXBuildFile; fileRef = C177C2A4231FE6DE00775FDA /* ViewController.swift */; };
		C177C2A8231FE6DE00775FDA /* Main.storyboard in Resources */ = {isa = PBXBuildFile; fileRef = C177C2A6231FE6DE00775FDA /* Main.storyboard */; };
		C177C2AB231FE6DE00775FDA /* DSIS.xcdatamodeld in Sources */ = {isa = PBXBuildFile; fileRef = C177C2A9231FE6DE00775FDA /* DSIS.xcdatamodeld */; };
		C177C2AD231FE6E000775FDA /* Assets.xcassets in Resources */ = {isa = PBXBuildFile; fileRef = C177C2AC231FE6E000775FDA /* Assets.xcassets */; };
		C177C2B0231FE6E000775FDA /* LaunchScreen.storyboard in Resources */ = {isa = PBXBuildFile; fileRef = C177C2AE231FE6E000775FDA /* LaunchScreen.storyboard */; };
/* End PBXBuildFile section */

/* Begin PBXFileReference section */
		C177C29F231FE6DE00775FDA /* DSIS.app */ = {isa = PBXFileReference; explicitFileType = wrapper.application; includeInIndex = 0; path = DSIS.app; sourceTree = BUILT_PRODUCTS_DIR; };
		C177C2A2231FE6DE00775FDA /* AppDelegate.swift */ = {isa = PBXFileReference; lastKnownFileType = sourcecode.swift; path = AppDelegate.swift; sourceTree = "<group>"; };
		C177C2A4231FE6DE00775FDA /* ViewController.swift */ = {isa = PBXFileReference; lastKnownFileType = sourcecode.swift; path = ViewController.swift; sourceTree = "<group>"; };
		C177C2A7231FE6DE00775FDA /* Base */ = {isa = PBXFileReference; lastKnownFileType = file.storyboard; name = Base; path = Base.lproj/Main.storyboard; sourceTree = "<group>"; };
		C177C2AA231FE6DE00775FDA /* DSIS.xcdatamodel */ = {isa = PBXFileReference; lastKnownFileType = wrapper.xcdatamodel; path = DSIS.xcdatamodel; sourceTree = "<group>"; };
		C177C2AC231FE6E000775FDA /* Assets.xcassets */ = {isa = PBXFileReference; lastKnownFileType = folder.assetcatalog; path = Assets.xcassets; sourceTree = "<group>"; };
		C177C2AF231FE6E000775FDA /* Base */ = {isa = PBXFileReference; lastKnownFileType = file.storyboard; name = Base; path = Base.lproj/LaunchScreen.storyboard; sourceTree = "<group>"; };
		C177C2B1231FE6E000775FDA /* Info.plist */ = {isa = PBXFileReference; lastKnownFileType = text.plist.xml; path = Info.plist; sourceTree = "<group>"; };
/* End PBXFileReference section */

/* Begin PBXFrameworksBuildPhase section */
		C177C29C231FE6DE00775FDA /* Frameworks */ = {
			isa = PBXFrameworksBuildPhase;
			buildActionMask = 2147483647;
			files = (
			);
			runOnlyForDeploymentPostprocessing = 0;
		};
/* End PBXFrameworksBuildPhase section */

/* Begin PBXGroup section */
		C177C296231FE6DE00775FDA = {
			isa = PBXGroup;
			children = (
				C177C2A1231FE6DE00775FDA /* DSIS */,
				C177C2A0231FE6DE00775FDA /* Products */,
			);
			sourceTree = "<group>";
		};
		C177C2A0231FE6DE00775FDA /* Products */ = {
			isa = PBXGroup;
			children = (
				C177C29F231FE6DE00775FDA /* DSIS.app */,
			);
			name = Products;
			sourceTree = "<group>";
		};
		C177C2A1231FE6DE00775FDA /* DSIS */ = {
			isa = PBXGroup;
			children = (
				C177C2A2231FE6DE00775FDA /* AppDelegate.swift */,
				C177C2A4231FE6DE00775FDA /* ViewController.swift */,
				C177C2A6231FE6DE00775FDA /* Main.storyboard */,
				C177C2AC231FE6E000775FDA /* Assets.xcassets */,
				C177C2AE231FE6E000775FDA /* LaunchScreen.storyboard */,
				C177C2B1231FE6E000775FDA /* Info.plist */,
				C177C2A9231FE6DE00775FDA /* DSIS.xcdatamodeld */,
			);
			path = DSIS;
			sourceTree = "<group>";
		};
/* End PBXGroup section */

/* Begin PBXNativeTarget section */
		C177C29E231FE6DE00775FDA /* DSIS */ = {
			isa = PBXNativeTarget;
			buildConfigurationList = C177C2B4231FE6E000775FDA /* Build configuration list for PBXNativeTarget "DSIS" */;
			buildPhases = (
				C177C29B231FE6DE00775FDA /* Sources */,
				C177C29C231FE6DE00775FDA /* Frameworks */,
				C177C29D231FE6DE00775FDA /* Resources */,
			);
			buildRules = (
			);
			dependencies = (
			);
			name = DSIS;
			productName = DSIS;
			productReference = C177C29F231FE6DE00775FDA /* DSIS.app */;
			productType = "com.apple.product-type.application";
		};
/* End PBXNativeTarget section */

/* Begin PBXProject section */
		C177C297231FE6DE00775FDA /* Project object */ = {
			isa = PBXProject;
			attributes = {
				LastSwiftUpdateCheck = 1030;
				LastUpgradeCheck = 1030;
				ORGANIZATIONNAME = "주성호";
				TargetAttributes = {
					C177C29E231FE6DE00775FDA = {
						CreatedOnToolsVersion = 10.3;
					};
				};
			};
			buildConfigurationList = C177C29A231FE6DE00775FDA /* Build configuration list for PBXProject "DSIS" */;
			compatibilityVersion = "Xcode 9.3";
			developmentRegion = en;
			hasScannedForEncodings = 0;
			knownRegions = (
				en,
				Base,
			);
			mainGroup = C177C296231FE6DE00775FDA;
			productRefGroup = C177C2A0231FE6DE00775FDA /* Products */;
			projectDirPath = "";
			projectRoot = "";
			targets = (
				C177C29E231FE6DE00775FDA /* DSIS */,
			);
		};
/* End PBXProject section */

/* Begin PBXResourcesBuildPhase section */
		C177C29D231FE6DE00775FDA /* Resources */ = {
			isa = PBXResourcesBuildPhase;
			buildActionMask = 2147483647;
			files = (
				C177C2B0231FE6E000775FDA /* LaunchScreen.storyboard in Resources */,
				C177C2AD231FE6E000775FDA /* Assets.xcassets in Resources */,
				C177C2A8231FE6DE00775FDA /* Main.storyboard in Resources */,
			);
			runOnlyForDeploymentPostprocessing = 0;
		};
/* End PBXResourcesBuildPhase section */

/* Begin PBXSourcesBuildPhase section */
		C177C29B231FE6DE00775FDA /* Sources */ = {
			isa = PBXSourcesBuildPhase;
			buildActionMask = 2147483647;
			files = (
				C177C2A5231FE6DE00775FDA /* ViewController.swift in Sources */,
				C177C2AB231FE6DE00775FDA /* DSIS.xcdatamodeld in Sources */,
				C177C2A3231FE6DE00775FDA /* AppDelegate.swift in Sources */,
			);
			runOnlyForDeploymentPostprocessing = 0;
		};
/* End PBXSourcesBuildPhase section */

/* Begin PBXVariantGroup section */
		C177C2A6231FE6DE00775FDA /* Main.storyboard */ = {
			isa = PBXVariantGroup;
			children = (
				C177C2A7231FE6DE00775FDA /* Base */,
			);
			name = Main.storyboard;
			sourceTree = "<group>";
		};
		C177C2AE231FE6E000775FDA /* LaunchScreen.storyboard */ = {
			isa = PBXVariantGroup;
			children = (
				C177C2AF231FE6E000775FDA /* Base */,
			);
			name = LaunchScreen.storyboard;
			sourceTree = "<group>";
		};
/* End PBXVariantGroup section */

/* Begin XCBuildConfiguration section */
		C177C2B2231FE6E000775FDA /* Debug */ = {
			isa = XCBuildConfiguration;
			buildSettings = {
				ALWAYS_SEARCH_USER_PATHS = NO;
				CLANG_ANALYZER_NONNULL = YES;
				CLANG_ANALYZER_NUMBER_OBJECT_CONVERSION = YES_AGGRESSIVE;
				CLANG_CXX_LANGUAGE_STANDARD = "gnu++14";
				CLANG_CXX_LIBRARY = "libc++";
				CLANG_ENABLE_MODULES = YES;
				CLANG_ENABLE_OBJC_ARC = YES;
				CLANG_ENABLE_OBJC_WEAK = YES;
				CLANG_WARN_BLOCK_CAPTURE_AUTORELEASING = YES;
				CLANG_WARN_BOOL_CONVERSION = YES;
				CLANG_WARN_COMMA = YES;
				CLANG_WARN_CONSTANT_CONVERSION = YES;
				CLANG_WARN_DEPRECATED_OBJC_IMPLEMENTATIONS = YES;
				CLANG_WARN_DIRECT_OBJC_ISA_USAGE = YES_ERROR;
				CLANG_WARN_DOCUMENTATION_COMMENTS = YES;
				CLANG_WARN_EMPTY_BODY = YES;
				CLANG_WARN_ENUM_CONVERSION = YES;
				CLANG_WARN_INFINITE_RECURSION = YES;
				CLANG_WARN_INT_CONVERSION = YES;
				CLANG_WARN_NON_LITERAL_NULL_CONVERSION = YES;
				CLANG_WARN_OBJC_IMPLICIT_RETAIN_SELF = YES;
				CLANG_WARN_OBJC_LITERAL_CONVERSION = YES;
				CLANG_WARN_OBJC_ROOT_CLASS = YES_ERROR;
				CLANG_WARN_RANGE_LOOP_ANALYSIS = YES;
				CLANG_WARN_STRICT_PROTOTYPES = YES;
				CLANG_WARN_SUSPICIOUS_MOVE = YES;
				CLANG_WARN_UNGUARDED_AVAILABILITY = YES_AGGRESSIVE;
				CLANG_WARN_UNREACHABLE_CODE = YES;
				CLANG_WARN__DUPLICATE_METHOD_MATCH = YES;
				CODE_SIGN_IDENTITY = "iPhone Developer";
				COPY_PHASE_STRIP = NO;
				DEBUG_INFORMATION_FORMAT = dwarf;
				ENABLE_STRICT_OBJC_MSGSEND = YES;
				ENABLE_TESTABILITY = YES;
				GCC_C_LANGUAGE_STANDARD = gnu11;
				GCC_DYNAMIC_NO_PIC = NO;
				GCC_NO_COMMON_BLOCKS = YES;
				GCC_OPTIMIZATION_LEVEL = 0;
				GCC_PREPROCESSOR_DEFINITIONS = (
					"DEBUG=1",
					"$(inherited)",
				);
				GCC_WARN_64_TO_32_BIT_CONVERSION = YES;
				GCC_WARN_ABOUT_RETURN_TYPE = YES_ERROR;
				GCC_WARN_UNDECLARED_SELECTOR = YES;
				GCC_WARN_UNINITIALIZED_AUTOS = YES_AGGRESSIVE;
				GCC_WARN_UNUSED_FUNCTION = YES;
				GCC_WARN_UNUSED_VARIABLE = YES;
				IPHONEOS_DEPLOYMENT_TARGET = 12.4;
				MTL_ENABLE_DEBUG_INFO = INCLUDE_SOURCE;
				MTL_FAST_MATH = YES;
				ONLY_ACTIVE_ARCH = YES;
				SDKROOT = iphoneos;
				SWIFT_ACTIVE_COMPILATION_CONDITIONS = DEBUG;
				SWIFT_OPTIMIZATION_LEVEL = "-Onone";
			};
			name = Debug;
		};
		C177C2B3231FE6E000775FDA /* Release */ = {
			isa = XCBuildConfiguration;
			buildSettings = {
				ALWAYS_SEARCH_USER_PATHS = NO;
				CLANG_ANALYZER_NONNULL = YES;
				CLANG_ANALYZER_NUMBER_OBJECT_CONVERSION = YES_AGGRESSIVE;
				CLANG_CXX_LANGUAGE_STANDARD = "gnu++14";
				CLANG_CXX_LIBRARY = "libc++";
				CLANG_ENABLE_MODULES = YES;
				CLANG_ENABLE_OBJC_ARC = YES;
				CLANG_ENABLE_OBJC_WEAK = YES;
				CLANG_WARN_BLOCK_CAPTURE_AUTORELEASING = YES;
				CLANG_WARN_BOOL_CONVERSION = YES;
				CLANG_WARN_COMMA = YES;
				CLANG_WARN_CONSTANT_CONVERSION = YES;
				CLANG_WARN_DEPRECATED_OBJC_IMPLEMENTATIONS = YES;
				CLANG_WARN_DIRECT_OBJC_ISA_USAGE = YES_ERROR;
				CLANG_WARN_DOCUMENTATION_COMMENTS = YES;
				CLANG_WARN_EMPTY_BODY = YES;
				CLANG_WARN_ENUM_CONVERSION = YES;
				CLANG_WARN_INFINITE_RECURSION = YES;
				CLANG_WARN_INT_CONVERSION = YES;
				CLANG_WARN_NON_LITERAL_NULL_CONVERSION = YES;
				CLANG_WARN_OBJC_IMPLICIT_RETAIN_SELF = YES;
				CLANG_WARN_OBJC_LITERAL_CONVERSION = YES;
				CLANG_WARN_OBJC_ROOT_CLASS = YES_ERROR;
				CLANG_WARN_RANGE_LOOP_ANALYSIS = YES;
				CLANG_WARN_STRICT_PROTOTYPES = YES;
				CLANG_WARN_SUSPICIOUS_MOVE = YES;
				CLANG_WARN_UNGUARDED_AVAILABILITY = YES_AGGRESSIVE;
				CLANG_WARN_UNREACHABLE_CODE = YES;
				CLANG_WARN__DUPLICATE_METHOD_MATCH = YES;
				CODE_SIGN_IDENTITY = "iPhone Developer";
				COPY_PHASE_STRIP = NO;
				DEBUG_INFORMATION_FORMAT = "dwarf-with-dsym";
				ENABLE_NS_ASSERTIONS = NO;
				ENABLE_STRICT_OBJC_MSGSEND = YES;
				GCC_C_LANGUAGE_STANDARD = gnu11;
				GCC_NO_COMMON_BLOCKS = YES;
				GCC_WARN_64_TO_32_BIT_CONVERSION = YES;
				GCC_WARN_ABOUT_RETURN_TYPE = YES_ERROR;
				GCC_WARN_UNDECLARED_SELECTOR = YES;
				GCC_WARN_UNINITIALIZED_AUTOS = YES_AGGRESSIVE;
				GCC_WARN_UNUSED_FUNCTION = YES;
				GCC_WARN_UNUSED_VARIABLE = YES;
				IPHONEOS_DEPLOYMENT_TARGET = 12.4;
				MTL_ENABLE_DEBUG_INFO = NO;
				MTL_FAST_MATH = YES;
				SDKROOT = iphoneos;
				SWIFT_COMPILATION_MODE = wholemodule;
				SWIFT_OPTIMIZATION_LEVEL = "-O";
				VALIDATE_PRODUCT = YES;
			};
			name = Release;
		};
		C177C2B5231FE6E000775FDA /* Debug */ = {
			isa = XCBuildConfiguration;
			buildSettings = {
				ASSETCATALOG_COMPILER_APPICON_NAME = AppIcon;
				CODE_SIGN_STYLE = Automatic;
				INFOPLIST_FILE = DSIS/Info.plist;
				LD_RUNPATH_SEARCH_PATHS = (
					"$(inherited)",
					"@executable_path/Frameworks",
				);
				PRODUCT_BUNDLE_IDENTIFIER = test.DSIS;
				PRODUCT_NAME = "$(TARGET_NAME)";
				SWIFT_VERSION = 5.0;
				TARGETED_DEVICE_FAMILY = "1,2";
			};
			name = Debug;
		};
		C177C2B6231FE6E000775FDA /* Release */ = {
			isa = XCBuildConfiguration;
			buildSettings = {
				ASSETCATALOG_COMPILER_APPICON_NAME = AppIcon;
				CODE_SIGN_STYLE = Automatic;
				INFOPLIST_FILE = DSIS/Info.plist;
				LD_RUNPATH_SEARCH_PATHS = (
					"$(inherited)",
					"@executable_path/Frameworks",
				);
				PRODUCT_BUNDLE_IDENTIFIER = test.DSIS;
				PRODUCT_NAME = "$(TARGET_NAME)";
				SWIFT_VERSION = 5.0;
				TARGETED_DEVICE_FAMILY = "1,2";
			};
			name = Release;
		};
/* End XCBuildConfiguration section */

/* Begin XCConfigurationList section */
		C177C29A231FE6DE00775FDA /* Build configuration list for PBXProject "DSIS" */ = {
			isa = XCConfigurationList;
			buildConfigurations = (
				C177C2B2231FE6E000775FDA /* Debug */,
				C177C2B3231FE6E000775FDA /* Release */,
			);
			defaultConfigurationIsVisible = 0;
			defaultConfigurationName = Release;
		};
		C177C2B4231FE6E000775FDA /* Build configuration list for PBXNativeTarget "DSIS" */ = {
			isa = XCConfigurationList;
			buildConfigurations = (
				C177C2B5231FE6E000775FDA /* Debug */,
				C177C2B6231FE6E000775FDA /* Release */,
			);
			defaultConfigurationIsVisible = 0;
			defaultConfigurationName = Release;
		};
/* End XCConfigurationList section */

/* Begin XCVersionGroup section */
		C177C2A9231FE6DE00775FDA /* DSIS.xcdatamodeld */ = {
			isa = XCVersionGroup;
			children = (
				C177C2AA231FE6DE00775FDA /* DSIS.xcdatamodel */,
			);
			currentVersion = C177C2AA231FE6DE00775FDA /* DSIS.xcdatamodel */;
			path = DSIS.xcdatamodeld;
			sourceTree = "<group>";
			versionGroupType = wrapper.xcdatamodel;
		};
/* End XCVersionGroup section */
	};
	rootObject = C177C297231FE6DE00775FDA /* Project object */;
}
